// !$*UTF8*$!
{
	archiveVersion = 1;
	classes = {
	};
	objectVersion = 50;
	objects = {

/* Begin PBXBuildFile section */
		6510C76D22E5303600A0DDE2 /* IronNotesContainer.swift in Sources */ = {isa = PBXBuildFile; fileRef = 6510C76C22E5303600A0DDE2 /* IronNotesContainer.swift */; };
		6510C77022E5401600A0DDE2 /* WorkoutRow.swift in Sources */ = {isa = PBXBuildFile; fileRef = 6510C76F22E5401600A0DDE2 /* WorkoutRow.swift */; };
		6514CB9A22FE5075002907BC /* RowImage.swift in Sources */ = {isa = PBXBuildFile; fileRef = 6514CB9922FE5075002907BC /* RowImage.swift */; };
		652FB8C822F112EB0091D3D4 /* AddWorkoutRow.swift in Sources */ = {isa = PBXBuildFile; fileRef = 652FB8C722F112EB0091D3D4 /* AddWorkoutRow.swift */; };
		6530997922EA7CE50033C66A /* Workout.swift in Sources */ = {isa = PBXBuildFile; fileRef = 6530997822EA7CE50033C66A /* Workout.swift */; };
		6530997C22EB101F0033C66A /* workoutData.json in Resources */ = {isa = PBXBuildFile; fileRef = 6530997B22EB101F0033C66A /* workoutData.json */; };
		6544A4F023FA1ECB0039D705 /* NewWorkout.swift in Sources */ = {isa = PBXBuildFile; fileRef = 6544A4EF23FA1ECB0039D705 /* NewWorkout.swift */; };
		6544A4F223FA1FD70039D705 /* Exercise.swift in Sources */ = {isa = PBXBuildFile; fileRef = 6544A4F123FA1FD70039D705 /* Exercise.swift */; };
		6544A4F423FA20AB0039D705 /* ExerciseType.swift in Sources */ = {isa = PBXBuildFile; fileRef = 6544A4F323FA20AB0039D705 /* ExerciseType.swift */; };
		654889C023FA1D6200D80727 /* ActiveWorkout.swift in Sources */ = {isa = PBXBuildFile; fileRef = 654889BF23FA1D6100D80727 /* ActiveWorkout.swift */; };
		656BC14C22EE0A65000CB452 /* Data.swift in Sources */ = {isa = PBXBuildFile; fileRef = 656BC14B22EE0A65000CB452 /* Data.swift */; };
		65FCC39122CD9DB5006D6868 /* AppDelegate.swift in Sources */ = {isa = PBXBuildFile; fileRef = 65FCC39022CD9DB5006D6868 /* AppDelegate.swift */; };
		65FCC39322CD9DB5006D6868 /* SceneDelegate.swift in Sources */ = {isa = PBXBuildFile; fileRef = 65FCC39222CD9DB5006D6868 /* SceneDelegate.swift */; };
		65FCC39522CD9DB5006D6868 /* ContentView.swift in Sources */ = {isa = PBXBuildFile; fileRef = 65FCC39422CD9DB5006D6868 /* ContentView.swift */; };
		65FCC39722CD9DB7006D6868 /* Assets.xcassets in Resources */ = {isa = PBXBuildFile; fileRef = 65FCC39622CD9DB7006D6868 /* Assets.xcassets */; };
		65FCC39A22CD9DB7006D6868 /* Preview Assets.xcassets in Resources */ = {isa = PBXBuildFile; fileRef = 65FCC39922CD9DB7006D6868 /* Preview Assets.xcassets */; };
		65FCC39D22CD9DB7006D6868 /* LaunchScreen.storyboard in Resources */ = {isa = PBXBuildFile; fileRef = 65FCC39B22CD9DB7006D6868 /* LaunchScreen.storyboard */; };
		65FCC3A822CD9DB7006D6868 /* IronNotesTests.swift in Sources */ = {isa = PBXBuildFile; fileRef = 65FCC3A722CD9DB7006D6868 /* IronNotesTests.swift */; };
		65FCC3B322CD9DB7006D6868 /* IronNotesUITests.swift in Sources */ = {isa = PBXBuildFile; fileRef = 65FCC3B222CD9DB7006D6868 /* IronNotesUITests.swift */; };
/* End PBXBuildFile section */

/* Begin PBXContainerItemProxy section */
		65FCC3A422CD9DB7006D6868 /* PBXContainerItemProxy */ = {
			isa = PBXContainerItemProxy;
			containerPortal = 65FCC38522CD9DB5006D6868 /* Project object */;
			proxyType = 1;
			remoteGlobalIDString = 65FCC38C22CD9DB5006D6868;
			remoteInfo = IronNotes;
		};
		65FCC3AF22CD9DB7006D6868 /* PBXContainerItemProxy */ = {
			isa = PBXContainerItemProxy;
			containerPortal = 65FCC38522CD9DB5006D6868 /* Project object */;
			proxyType = 1;
			remoteGlobalIDString = 65FCC38C22CD9DB5006D6868;
			remoteInfo = IronNotes;
		};
/* End PBXContainerItemProxy section */

/* Begin PBXFileReference section */
		6510C76C22E5303600A0DDE2 /* IronNotesContainer.swift */ = {isa = PBXFileReference; lastKnownFileType = sourcecode.swift; path = IronNotesContainer.swift; sourceTree = "<group>"; };
		6510C76F22E5401600A0DDE2 /* WorkoutRow.swift */ = {isa = PBXFileReference; lastKnownFileType = sourcecode.swift; path = WorkoutRow.swift; sourceTree = "<group>"; };
		6514CB9922FE5075002907BC /* RowImage.swift */ = {isa = PBXFileReference; lastKnownFileType = sourcecode.swift; path = RowImage.swift; sourceTree = "<group>"; };
		652FB8C722F112EB0091D3D4 /* AddWorkoutRow.swift */ = {isa = PBXFileReference; lastKnownFileType = sourcecode.swift; path = AddWorkoutRow.swift; sourceTree = "<group>"; };
		6530997822EA7CE50033C66A /* Workout.swift */ = {isa = PBXFileReference; lastKnownFileType = sourcecode.swift; path = Workout.swift; sourceTree = "<group>"; };
		6530997B22EB101F0033C66A /* workoutData.json */ = {isa = PBXFileReference; lastKnownFileType = text.json; path = workoutData.json; sourceTree = "<group>"; };
		6544A4EF23FA1ECB0039D705 /* NewWorkout.swift */ = {isa = PBXFileReference; lastKnownFileType = sourcecode.swift; path = NewWorkout.swift; sourceTree = "<group>"; };
		6544A4F123FA1FD70039D705 /* Exercise.swift */ = {isa = PBXFileReference; lastKnownFileType = sourcecode.swift; path = Exercise.swift; sourceTree = "<group>"; };
		6544A4F323FA20AB0039D705 /* ExerciseType.swift */ = {isa = PBXFileReference; lastKnownFileType = sourcecode.swift; path = ExerciseType.swift; sourceTree = "<group>"; };
		654889BF23FA1D6100D80727 /* ActiveWorkout.swift */ = {isa = PBXFileReference; lastKnownFileType = sourcecode.swift; path = ActiveWorkout.swift; sourceTree = "<group>"; };
		656BC14B22EE0A65000CB452 /* Data.swift */ = {isa = PBXFileReference; lastKnownFileType = sourcecode.swift; path = Data.swift; sourceTree = "<group>"; };
		65FCC38D22CD9DB5006D6868 /* IronNotes.app */ = {isa = PBXFileReference; explicitFileType = wrapper.application; includeInIndex = 0; path = IronNotes.app; sourceTree = BUILT_PRODUCTS_DIR; };
		65FCC39022CD9DB5006D6868 /* AppDelegate.swift */ = {isa = PBXFileReference; lastKnownFileType = sourcecode.swift; path = AppDelegate.swift; sourceTree = "<group>"; };
		65FCC39222CD9DB5006D6868 /* SceneDelegate.swift */ = {isa = PBXFileReference; lastKnownFileType = sourcecode.swift; path = SceneDelegate.swift; sourceTree = "<group>"; };
		65FCC39422CD9DB5006D6868 /* ContentView.swift */ = {isa = PBXFileReference; lastKnownFileType = sourcecode.swift; name = ContentView.swift; path = ../ContentView.swift; sourceTree = "<group>"; tabWidth = 4; };
		65FCC39622CD9DB7006D6868 /* Assets.xcassets */ = {isa = PBXFileReference; lastKnownFileType = folder.assetcatalog; path = Assets.xcassets; sourceTree = "<group>"; };
		65FCC39922CD9DB7006D6868 /* Preview Assets.xcassets */ = {isa = PBXFileReference; lastKnownFileType = folder.assetcatalog; path = "Preview Assets.xcassets"; sourceTree = "<group>"; };
		65FCC39C22CD9DB7006D6868 /* Base */ = {isa = PBXFileReference; lastKnownFileType = file.storyboard; name = Base; path = Base.lproj/LaunchScreen.storyboard; sourceTree = "<group>"; };
		65FCC39E22CD9DB7006D6868 /* Info.plist */ = {isa = PBXFileReference; lastKnownFileType = text.plist.xml; path = Info.plist; sourceTree = "<group>"; };
		65FCC3A322CD9DB7006D6868 /* IronNotesTests.xctest */ = {isa = PBXFileReference; explicitFileType = wrapper.cfbundle; includeInIndex = 0; path = IronNotesTests.xctest; sourceTree = BUILT_PRODUCTS_DIR; };
		65FCC3A722CD9DB7006D6868 /* IronNotesTests.swift */ = {isa = PBXFileReference; lastKnownFileType = sourcecode.swift; path = IronNotesTests.swift; sourceTree = "<group>"; };
		65FCC3A922CD9DB7006D6868 /* Info.plist */ = {isa = PBXFileReference; lastKnownFileType = text.plist.xml; path = Info.plist; sourceTree = "<group>"; };
		65FCC3AE22CD9DB7006D6868 /* IronNotesUITests.xctest */ = {isa = PBXFileReference; explicitFileType = wrapper.cfbundle; includeInIndex = 0; path = IronNotesUITests.xctest; sourceTree = BUILT_PRODUCTS_DIR; };
		65FCC3B222CD9DB7006D6868 /* IronNotesUITests.swift */ = {isa = PBXFileReference; lastKnownFileType = sourcecode.swift; path = IronNotesUITests.swift; sourceTree = "<group>"; };
		65FCC3B422CD9DB7006D6868 /* Info.plist */ = {isa = PBXFileReference; lastKnownFileType = text.plist.xml; path = Info.plist; sourceTree = "<group>"; };
/* End PBXFileReference section */

/* Begin PBXFrameworksBuildPhase section */
		65FCC38A22CD9DB5006D6868 /* Frameworks */ = {
			isa = PBXFrameworksBuildPhase;
			buildActionMask = 2147483647;
			files = (
			);
			runOnlyForDeploymentPostprocessing = 0;
		};
		65FCC3A022CD9DB7006D6868 /* Frameworks */ = {
			isa = PBXFrameworksBuildPhase;
			buildActionMask = 2147483647;
			files = (
			);
			runOnlyForDeploymentPostprocessing = 0;
		};
		65FCC3AB22CD9DB7006D6868 /* Frameworks */ = {
			isa = PBXFrameworksBuildPhase;
			buildActionMask = 2147483647;
			files = (
			);
			runOnlyForDeploymentPostprocessing = 0;
		};
/* End PBXFrameworksBuildPhase section */

/* Begin PBXGroup section */
		6510C76E22E532A000A0DDE2 /* StartWorkoutList */ = {
			isa = PBXGroup;
			children = (
				65FCC39422CD9DB5006D6868 /* ContentView.swift */,
				6510C76F22E5401600A0DDE2 /* WorkoutRow.swift */,
				652FB8C722F112EB0091D3D4 /* AddWorkoutRow.swift */,
				6514CB9922FE5075002907BC /* RowImage.swift */,
			);
			path = StartWorkoutList;
			sourceTree = "<group>";
		};
		6530997722EA7CAB0033C66A /* Domain */ = {
			isa = PBXGroup;
			children = (
				6530997822EA7CE50033C66A /* Workout.swift */,
				656BC14B22EE0A65000CB452 /* Data.swift */,
				6544A4F123FA1FD70039D705 /* Exercise.swift */,
				6544A4F323FA20AB0039D705 /* ExerciseType.swift */,
			);
			path = Domain;
			sourceTree = "<group>";
		};
		6530997A22EA7F7F0033C66A /* Resources */ = {
			isa = PBXGroup;
			children = (
				6530997B22EB101F0033C66A /* workoutData.json */,
			);
			path = Resources;
			sourceTree = "<group>";
		};
		655A5CAF23F8D418000E5246 /* ActiveWorkout */ = {
			isa = PBXGroup;
			children = (
				654889BF23FA1D6100D80727 /* ActiveWorkout.swift */,
			);
			path = ActiveWorkout;
			sourceTree = "<group>";
		};
		655A5CB023F8D466000E5246 /* ConfigureWorkout */ = {
			isa = PBXGroup;
			children = (
				6544A4EF23FA1ECB0039D705 /* NewWorkout.swift */,
			);
			path = ConfigureWorkout;
			sourceTree = "<group>";
			tabWidth = 4;
		};
		65FCC38422CD9DB5006D6868 = {
			isa = PBXGroup;
			children = (
				65FCC38F22CD9DB5006D6868 /* IronNotes */,
				65FCC3A622CD9DB7006D6868 /* IronNotesTests */,
				65FCC3B122CD9DB7006D6868 /* IronNotesUITests */,
				65FCC38E22CD9DB5006D6868 /* Products */,
			);
			sourceTree = "<group>";
		};
		65FCC38E22CD9DB5006D6868 /* Products */ = {
			isa = PBXGroup;
			children = (
				65FCC38D22CD9DB5006D6868 /* IronNotes.app */,
				65FCC3A322CD9DB7006D6868 /* IronNotesTests.xctest */,
				65FCC3AE22CD9DB7006D6868 /* IronNotesUITests.xctest */,
			);
			name = Products;
			sourceTree = "<group>";
		};
		65FCC38F22CD9DB5006D6868 /* IronNotes */ = {
			isa = PBXGroup;
			children = (
				655A5CB023F8D466000E5246 /* ConfigureWorkout */,
				655A5CAF23F8D418000E5246 /* ActiveWorkout */,
				6530997A22EA7F7F0033C66A /* Resources */,
				6530997722EA7CAB0033C66A /* Domain */,
				6510C76E22E532A000A0DDE2 /* StartWorkoutList */,
				65FCC39022CD9DB5006D6868 /* AppDelegate.swift */,
				65FCC39222CD9DB5006D6868 /* SceneDelegate.swift */,
				65FCC39622CD9DB7006D6868 /* Assets.xcassets */,
				65FCC39B22CD9DB7006D6868 /* LaunchScreen.storyboard */,
				65FCC39E22CD9DB7006D6868 /* Info.plist */,
				65FCC39822CD9DB7006D6868 /* Preview Content */,
				6510C76C22E5303600A0DDE2 /* IronNotesContainer.swift */,
			);
			path = IronNotes;
			sourceTree = "<group>";
		};
		65FCC39822CD9DB7006D6868 /* Preview Content */ = {
			isa = PBXGroup;
			children = (
				65FCC39922CD9DB7006D6868 /* Preview Assets.xcassets */,
			);
			path = "Preview Content";
			sourceTree = "<group>";
		};
		65FCC3A622CD9DB7006D6868 /* IronNotesTests */ = {
			isa = PBXGroup;
			children = (
				65FCC3A722CD9DB7006D6868 /* IronNotesTests.swift */,
				65FCC3A922CD9DB7006D6868 /* Info.plist */,
			);
			path = IronNotesTests;
			sourceTree = "<group>";
		};
		65FCC3B122CD9DB7006D6868 /* IronNotesUITests */ = {
			isa = PBXGroup;
			children = (
				65FCC3B222CD9DB7006D6868 /* IronNotesUITests.swift */,
				65FCC3B422CD9DB7006D6868 /* Info.plist */,
			);
			path = IronNotesUITests;
			sourceTree = "<group>";
		};
/* End PBXGroup section */

/* Begin PBXNativeTarget section */
		65FCC38C22CD9DB5006D6868 /* IronNotes */ = {
			isa = PBXNativeTarget;
			buildConfigurationList = 65FCC3B722CD9DB7006D6868 /* Build configuration list for PBXNativeTarget "IronNotes" */;
			buildPhases = (
				65FCC38922CD9DB5006D6868 /* Sources */,
				65FCC38A22CD9DB5006D6868 /* Frameworks */,
				65FCC38B22CD9DB5006D6868 /* Resources */,
			);
			buildRules = (
			);
			dependencies = (
			);
			name = IronNotes;
			productName = IronNotes;
			productReference = 65FCC38D22CD9DB5006D6868 /* IronNotes.app */;
			productType = "com.apple.product-type.application";
		};
		65FCC3A222CD9DB7006D6868 /* IronNotesTests */ = {
			isa = PBXNativeTarget;
			buildConfigurationList = 65FCC3BA22CD9DB7006D6868 /* Build configuration list for PBXNativeTarget "IronNotesTests" */;
			buildPhases = (
				65FCC39F22CD9DB7006D6868 /* Sources */,
				65FCC3A022CD9DB7006D6868 /* Frameworks */,
				65FCC3A122CD9DB7006D6868 /* Resources */,
			);
			buildRules = (
			);
			dependencies = (
				65FCC3A522CD9DB7006D6868 /* PBXTargetDependency */,
			);
			name = IronNotesTests;
			productName = IronNotesTests;
			productReference = 65FCC3A322CD9DB7006D6868 /* IronNotesTests.xctest */;
			productType = "com.apple.product-type.bundle.unit-test";
		};
		65FCC3AD22CD9DB7006D6868 /* IronNotesUITests */ = {
			isa = PBXNativeTarget;
			buildConfigurationList = 65FCC3BD22CD9DB7006D6868 /* Build configuration list for PBXNativeTarget "IronNotesUITests" */;
			buildPhases = (
				65FCC3AA22CD9DB7006D6868 /* Sources */,
				65FCC3AB22CD9DB7006D6868 /* Frameworks */,
				65FCC3AC22CD9DB7006D6868 /* Resources */,
			);
			buildRules = (
			);
			dependencies = (
				65FCC3B022CD9DB7006D6868 /* PBXTargetDependency */,
			);
			name = IronNotesUITests;
			productName = IronNotesUITests;
			productReference = 65FCC3AE22CD9DB7006D6868 /* IronNotesUITests.xctest */;
			productType = "com.apple.product-type.bundle.ui-testing";
		};
/* End PBXNativeTarget section */

/* Begin PBXProject section */
		65FCC38522CD9DB5006D6868 /* Project object */ = {
			isa = PBXProject;
			attributes = {
				LastSwiftUpdateCheck = 1100;
				LastUpgradeCheck = 1100;
				ORGANIZATIONNAME = "Stewart Avery";
				TargetAttributes = {
					65FCC38C22CD9DB5006D6868 = {
						CreatedOnToolsVersion = 11.0;
					};
					65FCC3A222CD9DB7006D6868 = {
						CreatedOnToolsVersion = 11.0;
						TestTargetID = 65FCC38C22CD9DB5006D6868;
					};
					65FCC3AD22CD9DB7006D6868 = {
						CreatedOnToolsVersion = 11.0;
						TestTargetID = 65FCC38C22CD9DB5006D6868;
					};
				};
			};
			buildConfigurationList = 65FCC38822CD9DB5006D6868 /* Build configuration list for PBXProject "IronNotes" */;
			compatibilityVersion = "Xcode 9.3";
			developmentRegion = en;
			hasScannedForEncodings = 0;
			knownRegions = (
				en,
				Base,
			);
			mainGroup = 65FCC38422CD9DB5006D6868;
			productRefGroup = 65FCC38E22CD9DB5006D6868 /* Products */;
			projectDirPath = "";
			projectRoot = "";
			targets = (
				65FCC38C22CD9DB5006D6868 /* IronNotes */,
				65FCC3A222CD9DB7006D6868 /* IronNotesTests */,
				65FCC3AD22CD9DB7006D6868 /* IronNotesUITests */,
			);
		};
/* End PBXProject section */

/* Begin PBXResourcesBuildPhase section */
		65FCC38B22CD9DB5006D6868 /* Resources */ = {
			isa = PBXResourcesBuildPhase;
			buildActionMask = 2147483647;
			files = (
				65FCC39D22CD9DB7006D6868 /* LaunchScreen.storyboard in Resources */,
				6530997C22EB101F0033C66A /* workoutData.json in Resources */,
				65FCC39A22CD9DB7006D6868 /* Preview Assets.xcassets in Resources */,
				65FCC39722CD9DB7006D6868 /* Assets.xcassets in Resources */,
			);
			runOnlyForDeploymentPostprocessing = 0;
		};
		65FCC3A122CD9DB7006D6868 /* Resources */ = {
			isa = PBXResourcesBuildPhase;
			buildActionMask = 2147483647;
			files = (
			);
			runOnlyForDeploymentPostprocessing = 0;
		};
		65FCC3AC22CD9DB7006D6868 /* Resources */ = {
			isa = PBXResourcesBuildPhase;
			buildActionMask = 2147483647;
			files = (
			);
			runOnlyForDeploymentPostprocessing = 0;
		};
/* End PBXResourcesBuildPhase section */

/* Begin PBXSourcesBuildPhase section */
		65FCC38922CD9DB5006D6868 /* Sources */ = {
			isa = PBXSourcesBuildPhase;
			buildActionMask = 2147483647;
			files = (
				656BC14C22EE0A65000CB452 /* Data.swift in Sources */,
				654889C023FA1D6200D80727 /* ActiveWorkout.swift in Sources */,
				65FCC39122CD9DB5006D6868 /* AppDelegate.swift in Sources */,
				652FB8C822F112EB0091D3D4 /* AddWorkoutRow.swift in Sources */,
				6514CB9A22FE5075002907BC /* RowImage.swift in Sources */,
				6544A4F223FA1FD70039D705 /* Exercise.swift in Sources */,
				6544A4F423FA20AB0039D705 /* ExerciseType.swift in Sources */,
				6510C77022E5401600A0DDE2 /* WorkoutRow.swift in Sources */,
				65FCC39322CD9DB5006D6868 /* SceneDelegate.swift in Sources */,
				65FCC39522CD9DB5006D6868 /* ContentView.swift in Sources */,
				6510C76D22E5303600A0DDE2 /* IronNotesContainer.swift in Sources */,
				6544A4F023FA1ECB0039D705 /* NewWorkout.swift in Sources */,
				6530997922EA7CE50033C66A /* Workout.swift in Sources */,
			);
			runOnlyForDeploymentPostprocessing = 0;
		};
		65FCC39F22CD9DB7006D6868 /* Sources */ = {
			isa = PBXSourcesBuildPhase;
			buildActionMask = 2147483647;
			files = (
				65FCC3A822CD9DB7006D6868 /* IronNotesTests.swift in Sources */,
			);
			runOnlyForDeploymentPostprocessing = 0;
		};
		65FCC3AA22CD9DB7006D6868 /* Sources */ = {
			isa = PBXSourcesBuildPhase;
			buildActionMask = 2147483647;
			files = (
				65FCC3B322CD9DB7006D6868 /* IronNotesUITests.swift in Sources */,
			);
			runOnlyForDeploymentPostprocessing = 0;
		};
/* End PBXSourcesBuildPhase section */

/* Begin PBXTargetDependency section */
		65FCC3A522CD9DB7006D6868 /* PBXTargetDependency */ = {
			isa = PBXTargetDependency;
			target = 65FCC38C22CD9DB5006D6868 /* IronNotes */;
			targetProxy = 65FCC3A422CD9DB7006D6868 /* PBXContainerItemProxy */;
		};
		65FCC3B022CD9DB7006D6868 /* PBXTargetDependency */ = {
			isa = PBXTargetDependency;
			target = 65FCC38C22CD9DB5006D6868 /* IronNotes */;
			targetProxy = 65FCC3AF22CD9DB7006D6868 /* PBXContainerItemProxy */;
		};
/* End PBXTargetDependency section */

/* Begin PBXVariantGroup section */
		65FCC39B22CD9DB7006D6868 /* LaunchScreen.storyboard */ = {
			isa = PBXVariantGroup;
			children = (
				65FCC39C22CD9DB7006D6868 /* Base */,
			);
			name = LaunchScreen.storyboard;
			sourceTree = "<group>";
		};
/* End PBXVariantGroup section */

/* Begin XCBuildConfiguration section */
		65FCC3B522CD9DB7006D6868 /* Debug */ = {
			isa = XCBuildConfiguration;
			buildSettings = {
				ALWAYS_SEARCH_USER_PATHS = NO;
				CLANG_ANALYZER_NONNULL = YES;
				CLANG_ANALYZER_NUMBER_OBJECT_CONVERSION = YES_AGGRESSIVE;
				CLANG_CXX_LANGUAGE_STANDARD = "gnu++14";
				CLANG_CXX_LIBRARY = "libc++";
				CLANG_ENABLE_MODULES = YES;
				CLANG_ENABLE_OBJC_ARC = YES;
				CLANG_ENABLE_OBJC_WEAK = YES;
				CLANG_WARN_BLOCK_CAPTURE_AUTORELEASING = YES;
				CLANG_WARN_BOOL_CONVERSION = YES;
				CLANG_WARN_COMMA = YES;
				CLANG_WARN_CONSTANT_CONVERSION = YES;
				CLANG_WARN_DEPRECATED_OBJC_IMPLEMENTATIONS = YES;
				CLANG_WARN_DIRECT_OBJC_ISA_USAGE = YES_ERROR;
				CLANG_WARN_DOCUMENTATION_COMMENTS = YES;
				CLANG_WARN_EMPTY_BODY = YES;
				CLANG_WARN_ENUM_CONVERSION = YES;
				CLANG_WARN_INFINITE_RECURSION = YES;
				CLANG_WARN_INT_CONVERSION = YES;
				CLANG_WARN_NON_LITERAL_NULL_CONVERSION = YES;
				CLANG_WARN_OBJC_IMPLICIT_RETAIN_SELF = YES;
				CLANG_WARN_OBJC_LITERAL_CONVERSION = YES;
				CLANG_WARN_OBJC_ROOT_CLASS = YES_ERROR;
				CLANG_WARN_RANGE_LOOP_ANALYSIS = YES;
				CLANG_WARN_STRICT_PROTOTYPES = YES;
				CLANG_WARN_SUSPICIOUS_MOVE = YES;
				CLANG_WARN_UNGUARDED_AVAILABILITY = YES_AGGRESSIVE;
				CLANG_WARN_UNREACHABLE_CODE = YES;
				CLANG_WARN__DUPLICATE_METHOD_MATCH = YES;
				COPY_PHASE_STRIP = NO;
				DEBUG_INFORMATION_FORMAT = dwarf;
				ENABLE_STRICT_OBJC_MSGSEND = YES;
				ENABLE_TESTABILITY = YES;
				GCC_C_LANGUAGE_STANDARD = gnu11;
				GCC_DYNAMIC_NO_PIC = NO;
				GCC_NO_COMMON_BLOCKS = YES;
				GCC_OPTIMIZATION_LEVEL = 0;
				GCC_PREPROCESSOR_DEFINITIONS = (
					"DEBUG=1",
					"$(inherited)",
				);
				GCC_WARN_64_TO_32_BIT_CONVERSION = YES;
				GCC_WARN_ABOUT_RETURN_TYPE = YES_ERROR;
				GCC_WARN_UNDECLARED_SELECTOR = YES;
				GCC_WARN_UNINITIALIZED_AUTOS = YES_AGGRESSIVE;
				GCC_WARN_UNUSED_FUNCTION = YES;
				GCC_WARN_UNUSED_VARIABLE = YES;
				IPHONEOS_DEPLOYMENT_TARGET = 13.0;
				MTL_ENABLE_DEBUG_INFO = INCLUDE_SOURCE;
				MTL_FAST_MATH = YES;
				ONLY_ACTIVE_ARCH = YES;
				SDKROOT = iphoneos;
				SWIFT_ACTIVE_COMPILATION_CONDITIONS = DEBUG;
				SWIFT_OPTIMIZATION_LEVEL = "-Onone";
			};
			name = Debug;
		};
		65FCC3B622CD9DB7006D6868 /* Release */ = {
			isa = XCBuildConfiguration;
			buildSettings = {
				ALWAYS_SEARCH_USER_PATHS = NO;
				CLANG_ANALYZER_NONNULL = YES;
				CLANG_ANALYZER_NUMBER_OBJECT_CONVERSION = YES_AGGRESSIVE;
				CLANG_CXX_LANGUAGE_STANDARD = "gnu++14";
				CLANG_CXX_LIBRARY = "libc++";
				CLANG_ENABLE_MODULES = YES;
				CLANG_ENABLE_OBJC_ARC = YES;
				CLANG_ENABLE_OBJC_WEAK = YES;
				CLANG_WARN_BLOCK_CAPTURE_AUTORELEASING = YES;
				CLANG_WARN_BOOL_CONVERSION = YES;
				CLANG_WARN_COMMA = YES;
				CLANG_WARN_CONSTANT_CONVERSION = YES;
				CLANG_WARN_DEPRECATED_OBJC_IMPLEMENTATIONS = YES;
				CLANG_WARN_DIRECT_OBJC_ISA_USAGE = YES_ERROR;
				CLANG_WARN_DOCUMENTATION_COMMENTS = YES;
				CLANG_WARN_EMPTY_BODY = YES;
				CLANG_WARN_ENUM_CONVERSION = YES;
				CLANG_WARN_INFINITE_RECURSION = YES;
				CLANG_WARN_INT_CONVERSION = YES;
				CLANG_WARN_NON_LITERAL_NULL_CONVERSION = YES;
				CLANG_WARN_OBJC_IMPLICIT_RETAIN_SELF = YES;
				CLANG_WARN_OBJC_LITERAL_CONVERSION = YES;
				CLANG_WARN_OBJC_ROOT_CLASS = YES_ERROR;
				CLANG_WARN_RANGE_LOOP_ANALYSIS = YES;
				CLANG_WARN_STRICT_PROTOTYPES = YES;
				CLANG_WARN_SUSPICIOUS_MOVE = YES;
				CLANG_WARN_UNGUARDED_AVAILABILITY = YES_AGGRESSIVE;
				CLANG_WARN_UNREACHABLE_CODE = YES;
				CLANG_WARN__DUPLICATE_METHOD_MATCH = YES;
				COPY_PHASE_STRIP = NO;
				DEBUG_INFORMATION_FORMAT = "dwarf-with-dsym";
				ENABLE_NS_ASSERTIONS = NO;
				ENABLE_STRICT_OBJC_MSGSEND = YES;
				GCC_C_LANGUAGE_STANDARD = gnu11;
				GCC_NO_COMMON_BLOCKS = YES;
				GCC_WARN_64_TO_32_BIT_CONVERSION = YES;
				GCC_WARN_ABOUT_RETURN_TYPE = YES_ERROR;
				GCC_WARN_UNDECLARED_SELECTOR = YES;
				GCC_WARN_UNINITIALIZED_AUTOS = YES_AGGRESSIVE;
				GCC_WARN_UNUSED_FUNCTION = YES;
				GCC_WARN_UNUSED_VARIABLE = YES;
				IPHONEOS_DEPLOYMENT_TARGET = 13.0;
				MTL_ENABLE_DEBUG_INFO = NO;
				MTL_FAST_MATH = YES;
				SDKROOT = iphoneos;
				SWIFT_COMPILATION_MODE = wholemodule;
				SWIFT_OPTIMIZATION_LEVEL = "-O";
				VALIDATE_PRODUCT = YES;
			};
			name = Release;
		};
		65FCC3B822CD9DB7006D6868 /* Debug */ = {
			isa = XCBuildConfiguration;
			buildSettings = {
				ASSETCATALOG_COMPILER_APPICON_NAME = AppIcon;
				CODE_SIGN_STYLE = Automatic;
				DEVELOPMENT_ASSET_PATHS = "IronNotes/Preview\\ Content";
				DEVELOPMENT_TEAM = 9UTE485Y3Y;
				ENABLE_PREVIEWS = YES;
				INFOPLIST_FILE = IronNotes/Info.plist;
				LD_RUNPATH_SEARCH_PATHS = (
					"$(inherited)",
					"@executable_path/Frameworks",
				);
				PRODUCT_BUNDLE_IDENTIFIER = savery.IronNotes;
				PRODUCT_NAME = "$(TARGET_NAME)";
				SWIFT_VERSION = 5.0;
				TARGETED_DEVICE_FAMILY = "1,2";
			};
			name = Debug;
		};
		65FCC3B922CD9DB7006D6868 /* Release */ = {
			isa = XCBuildConfiguration;
			buildSettings = {
				ASSETCATALOG_COMPILER_APPICON_NAME = AppIcon;
				CODE_SIGN_STYLE = Automatic;
				DEVELOPMENT_ASSET_PATHS = "IronNotes/Preview\\ Content";
				DEVELOPMENT_TEAM = 9UTE485Y3Y;
				ENABLE_PREVIEWS = YES;
				INFOPLIST_FILE = IronNotes/Info.plist;
				LD_RUNPATH_SEARCH_PATHS = (
					"$(inherited)",
					"@executable_path/Frameworks",
				);
				PRODUCT_BUNDLE_IDENTIFIER = savery.IronNotes;
				PRODUCT_NAME = "$(TARGET_NAME)";
				SWIFT_VERSION = 5.0;
				TARGETED_DEVICE_FAMILY = "1,2";
			};
			name = Release;
		};
		65FCC3BB22CD9DB7006D6868 /* Debug */ = {
			isa = XCBuildConfiguration;
			buildSettings = {
				ALWAYS_EMBED_SWIFT_STANDARD_LIBRARIES = YES;
				BUNDLE_LOADER = "$(TEST_HOST)";
				CODE_SIGN_STYLE = Automatic;
				INFOPLIST_FILE = IronNotesTests/Info.plist;
				LD_RUNPATH_SEARCH_PATHS = (
					"$(inherited)",
					"@executable_path/Frameworks",
					"@loader_path/Frameworks",
				);
				PRODUCT_BUNDLE_IDENTIFIER = savery.IronNotesTests;
				PRODUCT_NAME = "$(TARGET_NAME)";
				SWIFT_VERSION = 5.0;
				TARGETED_DEVICE_FAMILY = "1,2";
				TEST_HOST = "$(BUILT_PRODUCTS_DIR)/IronNotes.app/IronNotes";
			};
			name = Debug;
		};
		65FCC3BC22CD9DB7006D6868 /* Release */ = {
			isa = XCBuildConfiguration;
			buildSettings = {
				ALWAYS_EMBED_SWIFT_STANDARD_LIBRARIES = YES;
				BUNDLE_LOADER = "$(TEST_HOST)";
				CODE_SIGN_STYLE = Automatic;
				INFOPLIST_FILE = IronNotesTests/Info.plist;
				LD_RUNPATH_SEARCH_PATHS = (
					"$(inherited)",
					"@executable_path/Frameworks",
					"@loader_path/Frameworks",
				);
				PRODUCT_BUNDLE_IDENTIFIER = savery.IronNotesTests;
				PRODUCT_NAME = "$(TARGET_NAME)";
				SWIFT_VERSION = 5.0;
				TARGETED_DEVICE_FAMILY = "1,2";
				TEST_HOST = "$(BUILT_PRODUCTS_DIR)/IronNotes.app/IronNotes";
			};
			name = Release;
		};
		65FCC3BE22CD9DB7006D6868 /* Debug */ = {
			isa = XCBuildConfiguration;
			buildSettings = {
				ALWAYS_EMBED_SWIFT_STANDARD_LIBRARIES = YES;
				CODE_SIGN_STYLE = Automatic;
				INFOPLIST_FILE = IronNotesUITests/Info.plist;
				LD_RUNPATH_SEARCH_PATHS = (
					"$(inherited)",
					"@executable_path/Frameworks",
					"@loader_path/Frameworks",
				);
				PRODUCT_BUNDLE_IDENTIFIER = savery.IronNotesUITests;
				PRODUCT_NAME = "$(TARGET_NAME)";
				SWIFT_VERSION = 5.0;
				TARGETED_DEVICE_FAMILY = "1,2";
				TEST_TARGET_NAME = IronNotes;
			};
			name = Debug;
		};
		65FCC3BF22CD9DB7006D6868 /* Release */ = {
			isa = XCBuildConfiguration;
			buildSettings = {
				ALWAYS_EMBED_SWIFT_STANDARD_LIBRARIES = YES;
				CODE_SIGN_STYLE = Automatic;
				INFOPLIST_FILE = IronNotesUITests/Info.plist;
				LD_RUNPATH_SEARCH_PATHS = (
					"$(inherited)",
					"@executable_path/Frameworks",
					"@loader_path/Frameworks",
				);
				PRODUCT_BUNDLE_IDENTIFIER = savery.IronNotesUITests;
				PRODUCT_NAME = "$(TARGET_NAME)";
				SWIFT_VERSION = 5.0;
				TARGETED_DEVICE_FAMILY = "1,2";
				TEST_TARGET_NAME = IronNotes;
			};
			name = Release;
		};
/* End XCBuildConfiguration section */

/* Begin XCConfigurationList section */
		65FCC38822CD9DB5006D6868 /* Build configuration list for PBXProject "IronNotes" */ = {
			isa = XCConfigurationList;
			buildConfigurations = (
				65FCC3B522CD9DB7006D6868 /* Debug */,
				65FCC3B622CD9DB7006D6868 /* Release */,
			);
			defaultConfigurationIsVisible = 0;
			defaultConfigurationName = Release;
		};
		65FCC3B722CD9DB7006D6868 /* Build configuration list for PBXNativeTarget "IronNotes" */ = {
			isa = XCConfigurationList;
			buildConfigurations = (
				65FCC3B822CD9DB7006D6868 /* Debug */,
				65FCC3B922CD9DB7006D6868 /* Release */,
			);
			defaultConfigurationIsVisible = 0;
			defaultConfigurationName = Release;
		};
		65FCC3BA22CD9DB7006D6868 /* Build configuration list for PBXNativeTarget "IronNotesTests" */ = {
			isa = XCConfigurationList;
			buildConfigurations = (
				65FCC3BB22CD9DB7006D6868 /* Debug */,
				65FCC3BC22CD9DB7006D6868 /* Release */,
			);
			defaultConfigurationIsVisible = 0;
			defaultConfigurationName = Release;
		};
		65FCC3BD22CD9DB7006D6868 /* Build configuration list for PBXNativeTarget "IronNotesUITests" */ = {
			isa = XCConfigurationList;
			buildConfigurations = (
				65FCC3BE22CD9DB7006D6868 /* Debug */,
				65FCC3BF22CD9DB7006D6868 /* Release */,
			);
			defaultConfigurationIsVisible = 0;
			defaultConfigurationName = Release;
		};
/* End XCConfigurationList section */
	};
	rootObject = 65FCC38522CD9DB5006D6868 /* Project object */;
}
